
Microsoft Visual Studio Solution File, Format Version 12.00
# Visual Studio Version 16
VisualStudioVersion = 16.0.29609.76
MinimumVisualStudioVersion = 10.0.40219.1
Project("{9A19103F-16F7-4668-BE54-9A1E7A4F7556}") = "StudyCSharp", "StudyCSharp\StudyCSharp.csproj", "{7A9CFB28-D617-45C5-A6D4-E6FB90FD63C4}"
EndProject
Project("{FAE04EC0-301F-11D3-BF4B-00C04F79EFBC}") = "StudyCSharpTests1", "StudyCSharpTests1\StudyCSharpTests1.csproj", "{783BC9B2-6BFD-4FB4-92BF-D77FCC2C820C}"
EndProject
Global
	GlobalSection(SolutionConfigurationPlatforms) = preSolution
		Debug|Any CPU = Debug|Any CPU
		Release|Any CPU = Release|Any CPU
	EndGlobalSection
	GlobalSection(ProjectConfigurationPlatforms) = postSolution
		{7A9CFB28-D617-45C5-A6D4-E6FB90FD63C4}.Debug|Any CPU.ActiveCfg = Debug|Any CPU
		{7A9CFB28-D617-45C5-A6D4-E6FB90FD63C4}.Debug|Any CPU.Build.0 = Debug|Any CPU
		{7A9CFB28-D617-45C5-A6D4-E6FB90FD63C4}.Release|Any CPU.ActiveCfg = Release|Any CPU
		{7A9CFB28-D617-45C5-A6D4-E6FB90FD63C4}.Release|Any CPU.Build.0 = Release|Any CPU
		{783BC9B2-6BFD-4FB4-92BF-D77FCC2C820C}.Debug|Any CPU.ActiveCfg = Debug|Any CPU
		{783BC9B2-6BFD-4FB4-92BF-D77FCC2C820C}.Debug|Any CPU.Build.0 = Debug|Any CPU
		{783BC9B2-6BFD-4FB4-92BF-D77FCC2C820C}.Release|Any CPU.ActiveCfg = Release|Any CPU
		{783BC9B2-6BFD-4FB4-92BF-D77FCC2C820C}.Release|Any CPU.Build.0 = Release|Any CPU
	EndGlobalSection
	GlobalSection(SolutionProperties) = preSolution
		HideSolutionNode = FALSE
	EndGlobalSection
	GlobalSection(ExtensibilityGlobals) = postSolution
		SolutionGuid = {728D2C5F-27F1-4D2E-88F4-F2BFDD5F0A71}
	EndGlobalSection
EndGlobal
